// !$*UTF8*$!
{
	archiveVersion = 1;
	classes = {
	};
	objectVersion = 46;
	objects = {

/* Begin PBXBuildFile section */
		0B70EA66AEC19036D19BF58B /* Pods_dytv.framework in Frameworks */ = {isa = PBXBuildFile; fileRef = 8CED088ACB8FADA1CF06B20D /* Pods_dytv.framework */; };
		434AA74D1E8B5DAE004E684B /* nsdate.swift in Sources */ = {isa = PBXBuildFile; fileRef = 434AA74C1E8B5DAE004E684B /* nsdate.swift */; };
		436CA9DF1E84A67B000E3892 /* pagecontentview.swift in Sources */ = {isa = PBXBuildFile; fileRef = 436CA9DE1E84A67B000E3892 /* pagecontentview.swift */; };
		436CA9E11E84B9B7000E3892 /* uicolor.swift in Sources */ = {isa = PBXBuildFile; fileRef = 436CA9E01E84B9B7000E3892 /* uicolor.swift */; };
		437544EF1E88DC810029AFDE /* anchorgroup.swift in Sources */ = {isa = PBXBuildFile; fileRef = 437544EE1E88DC810029AFDE /* anchorgroup.swift */; };
		437544F11E8910F50029AFDE /* anchormodel.swift in Sources */ = {isa = PBXBuildFile; fileRef = 437544F01E8910F50029AFDE /* anchormodel.swift */; };
		43E31BB11E8383D800C8983C /* AppDelegate.swift in Sources */ = {isa = PBXBuildFile; fileRef = 43E31BB01E8383D800C8983C /* AppDelegate.swift */; };
		43E31BB61E8383D800C8983C /* Main.storyboard in Resources */ = {isa = PBXBuildFile; fileRef = 43E31BB41E8383D800C8983C /* Main.storyboard */; };
		43E31BB81E8383D800C8983C /* Assets.xcassets in Resources */ = {isa = PBXBuildFile; fileRef = 43E31BB71E8383D800C8983C /* Assets.xcassets */; };
		43E31BBB1E8383D800C8983C /* LaunchScreen.storyboard in Resources */ = {isa = PBXBuildFile; fileRef = 43E31BB91E8383D800C8983C /* LaunchScreen.storyboard */; };
		43E31BC61E8383D800C8983C /* dytvTests.swift in Sources */ = {isa = PBXBuildFile; fileRef = 43E31BC51E8383D800C8983C /* dytvTests.swift */; };
		43E31BD11E8383D800C8983C /* dytvUITests.swift in Sources */ = {isa = PBXBuildFile; fileRef = 43E31BD01E8383D800C8983C /* dytvUITests.swift */; };
		43E31BF01E83BB4B00C8983C /* home.storyboard in Resources */ = {isa = PBXBuildFile; fileRef = 43E31BEF1E83BB4B00C8983C /* home.storyboard */; };
		43E31BF31E83BB6000C8983C /* live.storyboard in Resources */ = {isa = PBXBuildFile; fileRef = 43E31BF11E83BB6000C8983C /* live.storyboard */; };
		43E31BF51E83BB7900C8983C /* follow.storyboard in Resources */ = {isa = PBXBuildFile; fileRef = 43E31BF41E83BB7900C8983C /* follow.storyboard */; };
		43E31BF81E83BB8C00C8983C /* profile.storyboard in Resources */ = {isa = PBXBuildFile; fileRef = 43E31BF61E83BB8C00C8983C /* profile.storyboard */; };
		43E31BFA1E83BCB400C8983C /* mainViewController.swift in Sources */ = {isa = PBXBuildFile; fileRef = 43E31BF91E83BCB400C8983C /* mainViewController.swift */; };
		43E31C0D1E83C38D00C8983C /* homeViewController.swift in Sources */ = {isa = PBXBuildFile; fileRef = 43E31C0C1E83C38D00C8983C /* homeViewController.swift */; };
		43E31C101E83C78E00C8983C /* uibarbuttonitem.swift in Sources */ = {isa = PBXBuildFile; fileRef = 43E31C0F1E83C78E00C8983C /* uibarbuttonitem.swift */; };
		960C35D21E8749DE00EE3DE4 /* CollectionheaderView.swift in Sources */ = {isa = PBXBuildFile; fileRef = 960C35D01E8749DE00EE3DE4 /* CollectionheaderView.swift */; };
		960C35D31E8749DE00EE3DE4 /* CollectionheaderView.xib in Resources */ = {isa = PBXBuildFile; fileRef = 960C35D11E8749DE00EE3DE4 /* CollectionheaderView.xib */; };
		960C35D81E874E7800EE3DE4 /* collectionnormalcell.swift in Sources */ = {isa = PBXBuildFile; fileRef = 960C35D61E874E7800EE3DE4 /* collectionnormalcell.swift */; };
		960C35D91E874E7800EE3DE4 /* collectionnormalcell.xib in Resources */ = {isa = PBXBuildFile; fileRef = 960C35D71E874E7800EE3DE4 /* collectionnormalcell.xib */; };
		960C35DC1E87566E00EE3DE4 /* CollectionprettyCell.swift in Sources */ = {isa = PBXBuildFile; fileRef = 960C35DA1E87566E00EE3DE4 /* CollectionprettyCell.swift */; };
		960C35DD1E87566E00EE3DE4 /* CollectionprettyCell.xib in Resources */ = {isa = PBXBuildFile; fileRef = 960C35DB1E87566E00EE3DE4 /* CollectionprettyCell.xib */; };
		960C35DF1E87E5D800EE3DE4 /* networktools.swift in Sources */ = {isa = PBXBuildFile; fileRef = 960C35DE1E87E5D800EE3DE4 /* networktools.swift */; };
		960C35E21E87F72800EE3DE4 /* recommendviewmodel.swift in Sources */ = {isa = PBXBuildFile; fileRef = 960C35E11E87F72800EE3DE4 /* recommendviewmodel.swift */; };
		96B7DFE51E8402B3009F35AE /* pagetitleview.swift in Sources */ = {isa = PBXBuildFile; fileRef = 96B7DFE41E8402B3009F35AE /* pagetitleview.swift */; };
		96B7DFE71E84050C009F35AE /* common.swift in Sources */ = {isa = PBXBuildFile; fileRef = 96B7DFE61E84050C009F35AE /* common.swift */; };
		96D2350A1E8BFB84003C6127 /* uicollectionbaseview.swift in Sources */ = {isa = PBXBuildFile; fileRef = 96D235091E8BFB84003C6127 /* uicollectionbaseview.swift */; };
		96D2350C1E8C0200003C6127 /* recommendcycleview.swift in Sources */ = {isa = PBXBuildFile; fileRef = 96D2350B1E8C0200003C6127 /* recommendcycleview.swift */; };
		96D2350E1E8C0286003C6127 /* recommendcycleview.xib in Resources */ = {isa = PBXBuildFile; fileRef = 96D2350D1E8C0286003C6127 /* recommendcycleview.xib */; };
		96E7EBC71E86973C002B9A92 /* liveViewController.swift in Sources */ = {isa = PBXBuildFile; fileRef = 96E7EBC61E86973C002B9A92 /* liveViewController.swift */; };
		96E7EBC91E869BC6002B9A92 /* recommendViewController.swift in Sources */ = {isa = PBXBuildFile; fileRef = 96E7EBC81E869BC6002B9A92 /* recommendViewController.swift */; };
/* End PBXBuildFile section */

/* Begin PBXContainerItemProxy section */
		43E31BC21E8383D800C8983C /* PBXContainerItemProxy */ = {
			isa = PBXContainerItemProxy;
			containerPortal = 43E31BA51E8383D800C8983C /* Project object */;
			proxyType = 1;
			remoteGlobalIDString = 43E31BAC1E8383D800C8983C;
			remoteInfo = dytv;
		};
		43E31BCD1E8383D800C8983C /* PBXContainerItemProxy */ = {
			isa = PBXContainerItemProxy;
			containerPortal = 43E31BA51E8383D800C8983C /* Project object */;
			proxyType = 1;
			remoteGlobalIDString = 43E31BAC1E8383D800C8983C;
			remoteInfo = dytv;
		};
/* End PBXContainerItemProxy section */

/* Begin PBXFileReference section */
		29044FA3AAD8AD54CAAE27C7 /* Pods-dytv.release.xcconfig */ = {isa = PBXFileReference; includeInIndex = 1; lastKnownFileType = text.xcconfig; name = "Pods-dytv.release.xcconfig"; path = "Pods/Target Support Files/Pods-dytv/Pods-dytv.release.xcconfig"; sourceTree = "<group>"; };
		434AA74C1E8B5DAE004E684B /* nsdate.swift */ = {isa = PBXFileReference; fileEncoding = 4; lastKnownFileType = sourcecode.swift; path = nsdate.swift; sourceTree = "<group>"; };
		436CA9DE1E84A67B000E3892 /* pagecontentview.swift */ = {isa = PBXFileReference; fileEncoding = 4; lastKnownFileType = sourcecode.swift; path = pagecontentview.swift; sourceTree = "<group>"; };
		436CA9E01E84B9B7000E3892 /* uicolor.swift */ = {isa = PBXFileReference; fileEncoding = 4; lastKnownFileType = sourcecode.swift; path = uicolor.swift; sourceTree = "<group>"; };
		437544EE1E88DC810029AFDE /* anchorgroup.swift */ = {isa = PBXFileReference; fileEncoding = 4; lastKnownFileType = sourcecode.swift; path = anchorgroup.swift; sourceTree = "<group>"; };
		437544F01E8910F50029AFDE /* anchormodel.swift */ = {isa = PBXFileReference; fileEncoding = 4; lastKnownFileType = sourcecode.swift; path = anchormodel.swift; sourceTree = "<group>"; };
		43E31BAD1E8383D800C8983C /* dytv.app */ = {isa = PBXFileReference; explicitFileType = wrapper.application; includeInIndex = 0; path = dytv.app; sourceTree = BUILT_PRODUCTS_DIR; };
		43E31BB01E8383D800C8983C /* AppDelegate.swift */ = {isa = PBXFileReference; lastKnownFileType = sourcecode.swift; path = AppDelegate.swift; sourceTree = "<group>"; };
		43E31BB51E8383D800C8983C /* Base */ = {isa = PBXFileReference; lastKnownFileType = file.storyboard; name = Base; path = Base.lproj/Main.storyboard; sourceTree = "<group>"; };
		43E31BB71E8383D800C8983C /* Assets.xcassets */ = {isa = PBXFileReference; lastKnownFileType = folder.assetcatalog; path = Assets.xcassets; sourceTree = "<group>"; };
		43E31BBA1E8383D800C8983C /* Base */ = {isa = PBXFileReference; lastKnownFileType = file.storyboard; name = Base; path = Base.lproj/LaunchScreen.storyboard; sourceTree = "<group>"; };
		43E31BBC1E8383D800C8983C /* Info.plist */ = {isa = PBXFileReference; lastKnownFileType = text.plist.xml; path = Info.plist; sourceTree = "<group>"; };
		43E31BC11E8383D800C8983C /* dytvTests.xctest */ = {isa = PBXFileReference; explicitFileType = wrapper.cfbundle; includeInIndex = 0; path = dytvTests.xctest; sourceTree = BUILT_PRODUCTS_DIR; };
		43E31BC51E8383D800C8983C /* dytvTests.swift */ = {isa = PBXFileReference; lastKnownFileType = sourcecode.swift; path = dytvTests.swift; sourceTree = "<group>"; };
		43E31BC71E8383D800C8983C /* Info.plist */ = {isa = PBXFileReference; lastKnownFileType = text.plist.xml; path = Info.plist; sourceTree = "<group>"; };
		43E31BCC1E8383D800C8983C /* dytvUITests.xctest */ = {isa = PBXFileReference; explicitFileType = wrapper.cfbundle; includeInIndex = 0; path = dytvUITests.xctest; sourceTree = BUILT_PRODUCTS_DIR; };
		43E31BD01E8383D800C8983C /* dytvUITests.swift */ = {isa = PBXFileReference; lastKnownFileType = sourcecode.swift; path = dytvUITests.swift; sourceTree = "<group>"; };
		43E31BD21E8383D800C8983C /* Info.plist */ = {isa = PBXFileReference; lastKnownFileType = text.plist.xml; path = Info.plist; sourceTree = "<group>"; };
		43E31BEF1E83BB4B00C8983C /* home.storyboard */ = {isa = PBXFileReference; fileEncoding = 4; lastKnownFileType = file.storyboard; path = home.storyboard; sourceTree = "<group>"; };
		43E31BF21E83BB6000C8983C /* Base */ = {isa = PBXFileReference; lastKnownFileType = file.storyboard; name = Base; path = Base.lproj/live.storyboard; sourceTree = "<group>"; };
		43E31BF41E83BB7900C8983C /* follow.storyboard */ = {isa = PBXFileReference; fileEncoding = 4; lastKnownFileType = file.storyboard; path = follow.storyboard; sourceTree = "<group>"; };
		43E31BF71E83BB8C00C8983C /* Base */ = {isa = PBXFileReference; lastKnownFileType = file.storyboard; name = Base; path = Base.lproj/profile.storyboard; sourceTree = "<group>"; };
		43E31BF91E83BCB400C8983C /* mainViewController.swift */ = {isa = PBXFileReference; fileEncoding = 4; lastKnownFileType = sourcecode.swift; path = mainViewController.swift; sourceTree = "<group>"; };
		43E31C0C1E83C38D00C8983C /* homeViewController.swift */ = {isa = PBXFileReference; fileEncoding = 4; lastKnownFileType = sourcecode.swift; path = homeViewController.swift; sourceTree = "<group>"; };
		43E31C0F1E83C78E00C8983C /* uibarbuttonitem.swift */ = {isa = PBXFileReference; fileEncoding = 4; lastKnownFileType = sourcecode.swift; path = uibarbuttonitem.swift; sourceTree = "<group>"; };
		883911C28C4BEC0E455738D3 /* Pods-dytv.debug.xcconfig */ = {isa = PBXFileReference; includeInIndex = 1; lastKnownFileType = text.xcconfig; name = "Pods-dytv.debug.xcconfig"; path = "Pods/Target Support Files/Pods-dytv/Pods-dytv.debug.xcconfig"; sourceTree = "<group>"; };
		8CED088ACB8FADA1CF06B20D /* Pods_dytv.framework */ = {isa = PBXFileReference; explicitFileType = wrapper.framework; includeInIndex = 0; path = Pods_dytv.framework; sourceTree = BUILT_PRODUCTS_DIR; };
		960C35D01E8749DE00EE3DE4 /* CollectionheaderView.swift */ = {isa = PBXFileReference; fileEncoding = 4; lastKnownFileType = sourcecode.swift; path = CollectionheaderView.swift; sourceTree = "<group>"; };
		960C35D11E8749DE00EE3DE4 /* CollectionheaderView.xib */ = {isa = PBXFileReference; fileEncoding = 4; lastKnownFileType = file.xib; path = CollectionheaderView.xib; sourceTree = "<group>"; };
		960C35D61E874E7800EE3DE4 /* collectionnormalcell.swift */ = {isa = PBXFileReference; fileEncoding = 4; lastKnownFileType = sourcecode.swift; path = collectionnormalcell.swift; sourceTree = "<group>"; };
		960C35D71E874E7800EE3DE4 /* collectionnormalcell.xib */ = {isa = PBXFileReference; fileEncoding = 4; lastKnownFileType = file.xib; path = collectionnormalcell.xib; sourceTree = "<group>"; };
		960C35DA1E87566E00EE3DE4 /* CollectionprettyCell.swift */ = {isa = PBXFileReference; fileEncoding = 4; lastKnownFileType = sourcecode.swift; path = CollectionprettyCell.swift; sourceTree = "<group>"; };
		960C35DB1E87566E00EE3DE4 /* CollectionprettyCell.xib */ = {isa = PBXFileReference; fileEncoding = 4; lastKnownFileType = file.xib; path = CollectionprettyCell.xib; sourceTree = "<group>"; };
		960C35DE1E87E5D800EE3DE4 /* networktools.swift */ = {isa = PBXFileReference; fileEncoding = 4; lastKnownFileType = sourcecode.swift; path = networktools.swift; sourceTree = "<group>"; };
		960C35E11E87F72800EE3DE4 /* recommendviewmodel.swift */ = {isa = PBXFileReference; fileEncoding = 4; lastKnownFileType = sourcecode.swift; path = recommendviewmodel.swift; sourceTree = "<group>"; };
		96B7DFE41E8402B3009F35AE /* pagetitleview.swift */ = {isa = PBXFileReference; fileEncoding = 4; lastKnownFileType = sourcecode.swift; path = pagetitleview.swift; sourceTree = "<group>"; };
		96B7DFE61E84050C009F35AE /* common.swift */ = {isa = PBXFileReference; fileEncoding = 4; lastKnownFileType = sourcecode.swift; path = common.swift; sourceTree = "<group>"; };
		96D235091E8BFB84003C6127 /* uicollectionbaseview.swift */ = {isa = PBXFileReference; fileEncoding = 4; lastKnownFileType = sourcecode.swift; path = uicollectionbaseview.swift; sourceTree = "<group>"; };
		96D2350B1E8C0200003C6127 /* recommendcycleview.swift */ = {isa = PBXFileReference; fileEncoding = 4; lastKnownFileType = sourcecode.swift; path = recommendcycleview.swift; sourceTree = "<group>"; };
		96D2350D1E8C0286003C6127 /* recommendcycleview.xib */ = {isa = PBXFileReference; fileEncoding = 4; lastKnownFileType = file.xib; path = recommendcycleview.xib; sourceTree = "<group>"; };
		96E7EBC61E86973C002B9A92 /* liveViewController.swift */ = {isa = PBXFileReference; fileEncoding = 4; lastKnownFileType = sourcecode.swift; path = liveViewController.swift; sourceTree = "<group>"; };
		96E7EBC81E869BC6002B9A92 /* recommendViewController.swift */ = {isa = PBXFileReference; fileEncoding = 4; lastKnownFileType = sourcecode.swift; path = recommendViewController.swift; sourceTree = "<group>"; };
/* End PBXFileReference section */

/* Begin PBXFrameworksBuildPhase section */
		43E31BAA1E8383D800C8983C /* Frameworks */ = {
			isa = PBXFrameworksBuildPhase;
			buildActionMask = 2147483647;
			files = (
				0B70EA66AEC19036D19BF58B /* Pods_dytv.framework in Frameworks */,
			);
			runOnlyForDeploymentPostprocessing = 0;
		};
		43E31BBE1E8383D800C8983C /* Frameworks */ = {
			isa = PBXFrameworksBuildPhase;
			buildActionMask = 2147483647;
			files = (
			);
			runOnlyForDeploymentPostprocessing = 0;
		};
		43E31BC91E8383D800C8983C /* Frameworks */ = {
			isa = PBXFrameworksBuildPhase;
			buildActionMask = 2147483647;
			files = (
			);
			runOnlyForDeploymentPostprocessing = 0;
		};
/* End PBXFrameworksBuildPhase section */

/* Begin PBXGroup section */
		43E31BA41E8383D800C8983C = {
			isa = PBXGroup;
			children = (
				43E31BAF1E8383D800C8983C /* dytv */,
				43E31BC41E8383D800C8983C /* dytvTests */,
				43E31BCF1E8383D800C8983C /* dytvUITests */,
				43E31BAE1E8383D800C8983C /* Products */,
				82C12C52B8999ABEB6BA6FDE /* Pods */,
				C02A9F7CE795624A5E2EA73A /* Frameworks */,
			);
			sourceTree = "<group>";
		};
		43E31BAE1E8383D800C8983C /* Products */ = {
			isa = PBXGroup;
			children = (
				43E31BAD1E8383D800C8983C /* dytv.app */,
				43E31BC11E8383D800C8983C /* dytvTests.xctest */,
				43E31BCC1E8383D800C8983C /* dytvUITests.xctest */,
			);
			name = Products;
			sourceTree = "<group>";
		};
		43E31BAF1E8383D800C8983C /* dytv */ = {
			isa = PBXGroup;
			children = (
				43E31BDE1E838F6E00C8983C /* class */,
				43E31BB01E8383D800C8983C /* AppDelegate.swift */,
				43E31BB71E8383D800C8983C /* Assets.xcassets */,
				43E31BB91E8383D800C8983C /* LaunchScreen.storyboard */,
				43E31BBC1E8383D800C8983C /* Info.plist */,
			);
			path = dytv;
			sourceTree = "<group>";
		};
		43E31BC41E8383D800C8983C /* dytvTests */ = {
			isa = PBXGroup;
			children = (
				43E31BC51E8383D800C8983C /* dytvTests.swift */,
				43E31BC71E8383D800C8983C /* Info.plist */,
			);
			path = dytvTests;
			sourceTree = "<group>";
		};
		43E31BCF1E8383D800C8983C /* dytvUITests */ = {
			isa = PBXGroup;
			children = (
				43E31BD01E8383D800C8983C /* dytvUITests.swift */,
				43E31BD21E8383D800C8983C /* Info.plist */,
			);
			path = dytvUITests;
			sourceTree = "<group>";
		};
		43E31BDE1E838F6E00C8983C /* class */ = {
			isa = PBXGroup;
			children = (
				43E31BE21E838FA400C8983C /* main */,
				43E31BE01E838F9200C8983C /* home */,
				43E31BE11E838F9800C8983C /* live */,
				43E31BE31E838FAF00C8983C /* follow */,
				43E31BDF1E838F8800C8983C /* profile */,
				43E31BE41E838FBF00C8983C /* tools */,
			);
			name = class;
			sourceTree = "<group>";
		};
		43E31BDF1E838F8800C8983C /* profile */ = {
			isa = PBXGroup;
			children = (
				43E31C0B1E83C30D00C8983C /* model */,
				43E31C0A1E83C30500C8983C /* view */,
				43E31C091E83C2FD00C8983C /* controller */,
			);
			name = profile;
			sourceTree = "<group>";
		};
		43E31BE01E838F9200C8983C /* home */ = {
			isa = PBXGroup;
			children = (
				43E31BFB1E83C22A00C8983C /* model */,
				43E31BFE1E83C25300C8983C /* view */,
				960C35E01E87F6F700EE3DE4 /* viewmodel */,
				43E31BFF1E83C25C00C8983C /* controller */,
			);
			name = home;
			sourceTree = "<group>";
		};
		43E31BE11E838F9800C8983C /* live */ = {
			isa = PBXGroup;
			children = (
				43E31C031E83C2C500C8983C /* model */,
				43E31C041E83C2CD00C8983C /* view */,
				43E31C051E83C2D400C8983C /* controller */,
			);
			name = live;
			sourceTree = "<group>";
		};
		43E31BE21E838FA400C8983C /* main */ = {
			isa = PBXGroup;
			children = (
				43E31C001E83C29500C8983C /* model */,
				43E31C011E83C29C00C8983C /* view */,
				43E31C021E83C2A200C8983C /* controller */,
			);
			name = main;
			sourceTree = "<group>";
		};
		43E31BE31E838FAF00C8983C /* follow */ = {
			isa = PBXGroup;
			children = (
				43E31C081E83C2F600C8983C /* model */,
				43E31C071E83C2F100C8983C /* view */,
				43E31C061E83C2E900C8983C /* controller */,
			);
			name = follow;
			sourceTree = "<group>";
		};
		43E31BE41E838FBF00C8983C /* tools */ = {
			isa = PBXGroup;
			children = (
				43E31C0E1E83C76F00C8983C /* extension */,
				96B7DFE61E84050C009F35AE /* common.swift */,
				960C35DE1E87E5D800EE3DE4 /* networktools.swift */,
			);
			name = tools;
			sourceTree = "<group>";
		};
		43E31BFB1E83C22A00C8983C /* model */ = {
			isa = PBXGroup;
			children = (
				437544EE1E88DC810029AFDE /* anchorgroup.swift */,
				437544F01E8910F50029AFDE /* anchormodel.swift */,
			);
			name = model;
			sourceTree = "<group>";
		};
		43E31BFE1E83C25300C8983C /* view */ = {
			isa = PBXGroup;
			children = (
				960C35D01E8749DE00EE3DE4 /* CollectionheaderView.swift */,
				960C35D11E8749DE00EE3DE4 /* CollectionheaderView.xib */,
				96D2350B1E8C0200003C6127 /* recommendcycleview.swift */,
				96D2350D1E8C0286003C6127 /* recommendcycleview.xib */,
			);
			name = view;
			sourceTree = "<group>";
		};
		43E31BFF1E83C25C00C8983C /* controller */ = {
			isa = PBXGroup;
			children = (
				43E31BEF1E83BB4B00C8983C /* home.storyboard */,
				43E31C0C1E83C38D00C8983C /* homeViewController.swift */,
				96E7EBC81E869BC6002B9A92 /* recommendViewController.swift */,
			);
			name = controller;
			sourceTree = "<group>";
		};
		43E31C001E83C29500C8983C /* model */ = {
			isa = PBXGroup;
			children = (
			);
			name = model;
			sourceTree = "<group>";
		};
		43E31C011E83C29C00C8983C /* view */ = {
			isa = PBXGroup;
			children = (
				96D235091E8BFB84003C6127 /* uicollectionbaseview.swift */,
				96B7DFE41E8402B3009F35AE /* pagetitleview.swift */,
				436CA9DE1E84A67B000E3892 /* pagecontentview.swift */,
				960C35D61E874E7800EE3DE4 /* collectionnormalcell.swift */,
				960C35D71E874E7800EE3DE4 /* collectionnormalcell.xib */,
				960C35DA1E87566E00EE3DE4 /* CollectionprettyCell.swift */,
				960C35DB1E87566E00EE3DE4 /* CollectionprettyCell.xib */,
			);
			name = view;
			sourceTree = "<group>";
		};
		43E31C021E83C2A200C8983C /* controller */ = {
			isa = PBXGroup;
			children = (
				43E31BB41E8383D800C8983C /* Main.storyboard */,
				43E31BF91E83BCB400C8983C /* mainViewController.swift */,
			);
			name = controller;
			sourceTree = "<group>";
		};
		43E31C031E83C2C500C8983C /* model */ = {
			isa = PBXGroup;
			children = (
			);
			name = model;
			sourceTree = "<group>";
		};
		43E31C041E83C2CD00C8983C /* view */ = {
			isa = PBXGroup;
			children = (
			);
			name = view;
			sourceTree = "<group>";
		};
		43E31C051E83C2D400C8983C /* controller */ = {
			isa = PBXGroup;
			children = (
				43E31BF11E83BB6000C8983C /* live.storyboard */,
				96E7EBC61E86973C002B9A92 /* liveViewController.swift */,
			);
			name = controller;
			sourceTree = "<group>";
		};
		43E31C061E83C2E900C8983C /* controller */ = {
			isa = PBXGroup;
			children = (
				43E31BF41E83BB7900C8983C /* follow.storyboard */,
			);
			name = controller;
			sourceTree = "<group>";
		};
		43E31C071E83C2F100C8983C /* view */ = {
			isa = PBXGroup;
			children = (
			);
			name = view;
			sourceTree = "<group>";
		};
		43E31C081E83C2F600C8983C /* model */ = {
			isa = PBXGroup;
			children = (
			);
			name = model;
			sourceTree = "<group>";
		};
		43E31C091E83C2FD00C8983C /* controller */ = {
			isa = PBXGroup;
			children = (
				43E31BF61E83BB8C00C8983C /* profile.storyboard */,
			);
			name = controller;
			sourceTree = "<group>";
		};
		43E31C0A1E83C30500C8983C /* view */ = {
			isa = PBXGroup;
			children = (
			);
			name = view;
			sourceTree = "<group>";
		};
		43E31C0B1E83C30D00C8983C /* model */ = {
			isa = PBXGroup;
			children = (
			);
			name = model;
			sourceTree = "<group>";
		};
		43E31C0E1E83C76F00C8983C /* extension */ = {
			isa = PBXGroup;
			children = (
				43E31C0F1E83C78E00C8983C /* uibarbuttonitem.swift */,
				436CA9E01E84B9B7000E3892 /* uicolor.swift */,
				434AA74C1E8B5DAE004E684B /* nsdate.swift */,
			);
			name = extension;
			sourceTree = "<group>";
		};
		82C12C52B8999ABEB6BA6FDE /* Pods */ = {
			isa = PBXGroup;
			children = (
				883911C28C4BEC0E455738D3 /* Pods-dytv.debug.xcconfig */,
				29044FA3AAD8AD54CAAE27C7 /* Pods-dytv.release.xcconfig */,
			);
			name = Pods;
			sourceTree = "<group>";
		};
		960C35E01E87F6F700EE3DE4 /* viewmodel */ = {
			isa = PBXGroup;
			children = (
				960C35E11E87F72800EE3DE4 /* recommendviewmodel.swift */,
			);
			name = viewmodel;
			sourceTree = "<group>";
		};
		C02A9F7CE795624A5E2EA73A /* Frameworks */ = {
			isa = PBXGroup;
			children = (
				8CED088ACB8FADA1CF06B20D /* Pods_dytv.framework */,
			);
			name = Frameworks;
			sourceTree = "<group>";
		};
/* End PBXGroup section */

/* Begin PBXNativeTarget section */
		43E31BAC1E8383D800C8983C /* dytv */ = {
			isa = PBXNativeTarget;
			buildConfigurationList = 43E31BD51E8383D800C8983C /* Build configuration list for PBXNativeTarget "dytv" */;
			buildPhases = (
				25C20A67E729A72DBB458C61 /* [CP] Check Pods Manifest.lock */,
				43E31BA91E8383D800C8983C /* Sources */,
				43E31BAA1E8383D800C8983C /* Frameworks */,
				43E31BAB1E8383D800C8983C /* Resources */,
				691E492898550BA29DA3D60F /* [CP] Embed Pods Frameworks */,
				AD1455D0F63C74064AB7CD3C /* [CP] Copy Pods Resources */,
			);
			buildRules = (
			);
			dependencies = (
			);
			name = dytv;
			productName = dytv;
			productReference = 43E31BAD1E8383D800C8983C /* dytv.app */;
			productType = "com.apple.product-type.application";
		};
		43E31BC01E8383D800C8983C /* dytvTests */ = {
			isa = PBXNativeTarget;
			buildConfigurationList = 43E31BD81E8383D800C8983C /* Build configuration list for PBXNativeTarget "dytvTests" */;
			buildPhases = (
				43E31BBD1E8383D800C8983C /* Sources */,
				43E31BBE1E8383D800C8983C /* Frameworks */,
				43E31BBF1E8383D800C8983C /* Resources */,
			);
			buildRules = (
			);
			dependencies = (
				43E31BC31E8383D800C8983C /* PBXTargetDependency */,
			);
			name = dytvTests;
			productName = dytvTests;
			productReference = 43E31BC11E8383D800C8983C /* dytvTests.xctest */;
			productType = "com.apple.product-type.bundle.unit-test";
		};
		43E31BCB1E8383D800C8983C /* dytvUITests */ = {
			isa = PBXNativeTarget;
			buildConfigurationList = 43E31BDB1E8383D800C8983C /* Build configuration list for PBXNativeTarget "dytvUITests" */;
			buildPhases = (
				43E31BC81E8383D800C8983C /* Sources */,
				43E31BC91E8383D800C8983C /* Frameworks */,
				43E31BCA1E8383D800C8983C /* Resources */,
			);
			buildRules = (
			);
			dependencies = (
				43E31BCE1E8383D800C8983C /* PBXTargetDependency */,
			);
			name = dytvUITests;
			productName = dytvUITests;
			productReference = 43E31BCC1E8383D800C8983C /* dytvUITests.xctest */;
			productType = "com.apple.product-type.bundle.ui-testing";
		};
/* End PBXNativeTarget section */

/* Begin PBXProject section */
		43E31BA51E8383D800C8983C /* Project object */ = {
			isa = PBXProject;
			attributes = {
				LastSwiftUpdateCheck = 0820;
				LastUpgradeCheck = 0820;
				ORGANIZATIONNAME = jason;
				TargetAttributes = {
					43E31BAC1E8383D800C8983C = {
						CreatedOnToolsVersion = 8.2.1;
						DevelopmentTeam = U955FM7S6Y;
						ProvisioningStyle = Automatic;
					};
					43E31BC01E8383D800C8983C = {
						CreatedOnToolsVersion = 8.2.1;
						DevelopmentTeam = U955FM7S6Y;
						ProvisioningStyle = Automatic;
						TestTargetID = 43E31BAC1E8383D800C8983C;
					};
					43E31BCB1E8383D800C8983C = {
						CreatedOnToolsVersion = 8.2.1;
						DevelopmentTeam = U955FM7S6Y;
						ProvisioningStyle = Automatic;
						TestTargetID = 43E31BAC1E8383D800C8983C;
					};
				};
			};
			buildConfigurationList = 43E31BA81E8383D800C8983C /* Build configuration list for PBXProject "dytv" */;
			compatibilityVersion = "Xcode 3.2";
			developmentRegion = English;
			hasScannedForEncodings = 0;
			knownRegions = (
				en,
				Base,
			);
			mainGroup = 43E31BA41E8383D800C8983C;
			productRefGroup = 43E31BAE1E8383D800C8983C /* Products */;
			projectDirPath = "";
			projectRoot = "";
			targets = (
				43E31BAC1E8383D800C8983C /* dytv */,
				43E31BC01E8383D800C8983C /* dytvTests */,
				43E31BCB1E8383D800C8983C /* dytvUITests */,
			);
		};
/* End PBXProject section */

/* Begin PBXResourcesBuildPhase section */
		43E31BAB1E8383D800C8983C /* Resources */ = {
			isa = PBXResourcesBuildPhase;
			buildActionMask = 2147483647;
			files = (
				43E31BF81E83BB8C00C8983C /* profile.storyboard in Resources */,
				960C35D31E8749DE00EE3DE4 /* CollectionheaderView.xib in Resources */,
				43E31BBB1E8383D800C8983C /* LaunchScreen.storyboard in Resources */,
				960C35DD1E87566E00EE3DE4 /* CollectionprettyCell.xib in Resources */,
				43E31BB81E8383D800C8983C /* Assets.xcassets in Resources */,
				43E31BF31E83BB6000C8983C /* live.storyboard in Resources */,
				96D2350E1E8C0286003C6127 /* recommendcycleview.xib in Resources */,
				960C35D91E874E7800EE3DE4 /* collectionnormalcell.xib in Resources */,
				43E31BF51E83BB7900C8983C /* follow.storyboard in Resources */,
				43E31BB61E8383D800C8983C /* Main.storyboard in Resources */,
				43E31BF01E83BB4B00C8983C /* home.storyboard in Resources */,
			);
			runOnlyForDeploymentPostprocessing = 0;
		};
		43E31BBF1E8383D800C8983C /* Resources */ = {
			isa = PBXResourcesBuildPhase;
			buildActionMask = 2147483647;
			files = (
			);
			runOnlyForDeploymentPostprocessing = 0;
		};
		43E31BCA1E8383D800C8983C /* Resources */ = {
			isa = PBXResourcesBuildPhase;
			buildActionMask = 2147483647;
			files = (
			);
			runOnlyForDeploymentPostprocessing = 0;
		};
/* End PBXResourcesBuildPhase section */

/* Begin PBXShellScriptBuildPhase section */
		25C20A67E729A72DBB458C61 /* [CP] Check Pods Manifest.lock */ = {
			isa = PBXShellScriptBuildPhase;
			buildActionMask = 2147483647;
			files = (
			);
			inputPaths = (
			);
			name = "[CP] Check Pods Manifest.lock";
			outputPaths = (
			);
			runOnlyForDeploymentPostprocessing = 0;
			shellPath = /bin/sh;
			shellScript = "diff \"${PODS_ROOT}/../Podfile.lock\" \"${PODS_ROOT}/Manifest.lock\" > /dev/null\nif [ $? != 0 ] ; then\n    # print error to STDERR\n    echo \"error: The sandbox is not in sync with the Podfile.lock. Run 'pod install' or update your CocoaPods installation.\" >&2\n    exit 1\nfi\n";
			showEnvVarsInLog = 0;
		};
		691E492898550BA29DA3D60F /* [CP] Embed Pods Frameworks */ = {
			isa = PBXShellScriptBuildPhase;
			buildActionMask = 2147483647;
			files = (
			);
			inputPaths = (
			);
			name = "[CP] Embed Pods Frameworks";
			outputPaths = (
			);
			runOnlyForDeploymentPostprocessing = 0;
			shellPath = /bin/sh;
			shellScript = "\"${SRCROOT}/Pods/Target Support Files/Pods-dytv/Pods-dytv-frameworks.sh\"\n";
			showEnvVarsInLog = 0;
		};
		AD1455D0F63C74064AB7CD3C /* [CP] Copy Pods Resources */ = {
			isa = PBXShellScriptBuildPhase;
			buildActionMask = 2147483647;
			files = (
			);
			inputPaths = (
			);
			name = "[CP] Copy Pods Resources";
			outputPaths = (
			);
			runOnlyForDeploymentPostprocessing = 0;
			shellPath = /bin/sh;
			shellScript = "\"${SRCROOT}/Pods/Target Support Files/Pods-dytv/Pods-dytv-resources.sh\"\n";
			showEnvVarsInLog = 0;
		};
/* End PBXShellScriptBuildPhase section */

/* Begin PBXSourcesBuildPhase section */
		43E31BA91E8383D800C8983C /* Sources */ = {
			isa = PBXSourcesBuildPhase;
			buildActionMask = 2147483647;
			files = (
				96D2350C1E8C0200003C6127 /* recommendcycleview.swift in Sources */,
				96D2350A1E8BFB84003C6127 /* uicollectionbaseview.swift in Sources */,
				43E31BB11E8383D800C8983C /* AppDelegate.swift in Sources */,
				960C35D21E8749DE00EE3DE4 /* CollectionheaderView.swift in Sources */,
				43E31C0D1E83C38D00C8983C /* homeViewController.swift in Sources */,
				96B7DFE71E84050C009F35AE /* common.swift in Sources */,
				437544EF1E88DC810029AFDE /* anchorgroup.swift in Sources */,
				96E7EBC71E86973C002B9A92 /* liveViewController.swift in Sources */,
				96B7DFE51E8402B3009F35AE /* pagetitleview.swift in Sources */,
				437544F11E8910F50029AFDE /* anchormodel.swift in Sources */,
				434AA74D1E8B5DAE004E684B /* nsdate.swift in Sources */,
				96E7EBC91E869BC6002B9A92 /* recommendViewController.swift in Sources */,
				960C35E21E87F72800EE3DE4 /* recommendviewmodel.swift in Sources */,
				43E31C101E83C78E00C8983C /* uibarbuttonitem.swift in Sources */,
				960C35DF1E87E5D800EE3DE4 /* networktools.swift in Sources */,
				436CA9E11E84B9B7000E3892 /* uicolor.swift in Sources */,
				43E31BFA1E83BCB400C8983C /* mainViewController.swift in Sources */,
				960C35D81E874E7800EE3DE4 /* collectionnormalcell.swift in Sources */,
				436CA9DF1E84A67B000E3892 /* pagecontentview.swift in Sources */,
				960C35DC1E87566E00EE3DE4 /* CollectionprettyCell.swift in Sources */,
			);
			runOnlyForDeploymentPostprocessing = 0;
		};
		43E31BBD1E8383D800C8983C /* Sources */ = {
			isa = PBXSourcesBuildPhase;
			buildActionMask = 2147483647;
			files = (
				43E31BC61E8383D800C8983C /* dytvTests.swift in Sources */,
			);
			runOnlyForDeploymentPostprocessing = 0;
		};
		43E31BC81E8383D800C8983C /* Sources */ = {
			isa = PBXSourcesBuildPhase;
			buildActionMask = 2147483647;
			files = (
				43E31BD11E8383D800C8983C /* dytvUITests.swift in Sources */,
			);
			runOnlyForDeploymentPostprocessing = 0;
		};
/* End PBXSourcesBuildPhase section */

/* Begin PBXTargetDependency section */
		43E31BC31E8383D800C8983C /* PBXTargetDependency */ = {
			isa = PBXTargetDependency;
			target = 43E31BAC1E8383D800C8983C /* dytv */;
			targetProxy = 43E31BC21E8383D800C8983C /* PBXContainerItemProxy */;
		};
		43E31BCE1E8383D800C8983C /* PBXTargetDependency */ = {
			isa = PBXTargetDependency;
			target = 43E31BAC1E8383D800C8983C /* dytv */;
			targetProxy = 43E31BCD1E8383D800C8983C /* PBXContainerItemProxy */;
		};
/* End PBXTargetDependency section */

/* Begin PBXVariantGroup section */
		43E31BB41E8383D800C8983C /* Main.storyboard */ = {
			isa = PBXVariantGroup;
			children = (
				43E31BB51E8383D800C8983C /* Base */,
			);
			name = Main.storyboard;
			sourceTree = "<group>";
		};
		43E31BB91E8383D800C8983C /* LaunchScreen.storyboard */ = {
			isa = PBXVariantGroup;
			children = (
				43E31BBA1E8383D800C8983C /* Base */,
			);
			name = LaunchScreen.storyboard;
			sourceTree = "<group>";
		};
		43E31BF11E83BB6000C8983C /* live.storyboard */ = {
			isa = PBXVariantGroup;
			children = (
				43E31BF21E83BB6000C8983C /* Base */,
			);
			name = live.storyboard;
			sourceTree = "<group>";
		};
		43E31BF61E83BB8C00C8983C /* profile.storyboard */ = {
			isa = PBXVariantGroup;
			children = (
				43E31BF71E83BB8C00C8983C /* Base */,
			);
			name = profile.storyboard;
			sourceTree = "<group>";
		};
/* End PBXVariantGroup section */

/* Begin XCBuildConfiguration section */
		43E31BD31E8383D800C8983C /* Debug */ = {
			isa = XCBuildConfiguration;
			buildSettings = {
				ALWAYS_SEARCH_USER_PATHS = NO;
				CLANG_ANALYZER_NONNULL = YES;
				CLANG_CXX_LANGUAGE_STANDARD = "gnu++0x";
				CLANG_CXX_LIBRARY = "libc++";
				CLANG_ENABLE_MODULES = YES;
				CLANG_ENABLE_OBJC_ARC = YES;
				CLANG_WARN_BOOL_CONVERSION = YES;
				CLANG_WARN_CONSTANT_CONVERSION = YES;
				CLANG_WARN_DIRECT_OBJC_ISA_USAGE = YES_ERROR;
				CLANG_WARN_DOCUMENTATION_COMMENTS = YES;
				CLANG_WARN_EMPTY_BODY = YES;
				CLANG_WARN_ENUM_CONVERSION = YES;
				CLANG_WARN_INFINITE_RECURSION = YES;
				CLANG_WARN_INT_CONVERSION = YES;
				CLANG_WARN_OBJC_ROOT_CLASS = YES_ERROR;
				CLANG_WARN_SUSPICIOUS_MOVE = YES;
				CLANG_WARN_UNREACHABLE_CODE = YES;
				CLANG_WARN__DUPLICATE_METHOD_MATCH = YES;
				"CODE_SIGN_IDENTITY[sdk=iphoneos*]" = "iPhone Developer";
				COPY_PHASE_STRIP = NO;
				DEBUG_INFORMATION_FORMAT = dwarf;
				ENABLE_STRICT_OBJC_MSGSEND = YES;
				ENABLE_TESTABILITY = YES;
				GCC_C_LANGUAGE_STANDARD = gnu99;
				GCC_DYNAMIC_NO_PIC = NO;
				GCC_NO_COMMON_BLOCKS = YES;
				GCC_OPTIMIZATION_LEVEL = 0;
				GCC_PREPROCESSOR_DEFINITIONS = (
					"DEBUG=1",
					"$(inherited)",
				);
				GCC_WARN_64_TO_32_BIT_CONVERSION = YES;
				GCC_WARN_ABOUT_RETURN_TYPE = YES_ERROR;
				GCC_WARN_UNDECLARED_SELECTOR = YES;
				GCC_WARN_UNINITIALIZED_AUTOS = YES_AGGRESSIVE;
				GCC_WARN_UNUSED_FUNCTION = YES;
				GCC_WARN_UNUSED_VARIABLE = YES;
				IPHONEOS_DEPLOYMENT_TARGET = 10.2;
				MTL_ENABLE_DEBUG_INFO = YES;
				ONLY_ACTIVE_ARCH = YES;
				SDKROOT = iphoneos;
				SWIFT_ACTIVE_COMPILATION_CONDITIONS = DEBUG;
				SWIFT_OPTIMIZATION_LEVEL = "-Onone";
			};
			name = Debug;
		};
		43E31BD41E8383D800C8983C /* Release */ = {
			isa = XCBuildConfiguration;
			buildSettings = {
				ALWAYS_SEARCH_USER_PATHS = NO;
				CLANG_ANALYZER_NONNULL = YES;
				CLANG_CXX_LANGUAGE_STANDARD = "gnu++0x";
				CLANG_CXX_LIBRARY = "libc++";
				CLANG_ENABLE_MODULES = YES;
				CLANG_ENABLE_OBJC_ARC = YES;
				CLANG_WARN_BOOL_CONVERSION = YES;
				CLANG_WARN_CONSTANT_CONVERSION = YES;
				CLANG_WARN_DIRECT_OBJC_ISA_USAGE = YES_ERROR;
				CLANG_WARN_DOCUMENTATION_COMMENTS = YES;
				CLANG_WARN_EMPTY_BODY = YES;
				CLANG_WARN_ENUM_CONVERSION = YES;
				CLANG_WARN_INFINITE_RECURSION = YES;
				CLANG_WARN_INT_CONVERSION = YES;
				CLANG_WARN_OBJC_ROOT_CLASS = YES_ERROR;
				CLANG_WARN_SUSPICIOUS_MOVE = YES;
				CLANG_WARN_UNREACHABLE_CODE = YES;
				CLANG_WARN__DUPLICATE_METHOD_MATCH = YES;
				"CODE_SIGN_IDENTITY[sdk=iphoneos*]" = "iPhone Developer";
				COPY_PHASE_STRIP = NO;
				DEBUG_INFORMATION_FORMAT = "dwarf-with-dsym";
				ENABLE_NS_ASSERTIONS = NO;
				ENABLE_STRICT_OBJC_MSGSEND = YES;
				GCC_C_LANGUAGE_STANDARD = gnu99;
				GCC_NO_COMMON_BLOCKS = YES;
				GCC_WARN_64_TO_32_BIT_CONVERSION = YES;
				GCC_WARN_ABOUT_RETURN_TYPE = YES_ERROR;
				GCC_WARN_UNDECLARED_SELECTOR = YES;
				GCC_WARN_UNINITIALIZED_AUTOS = YES_AGGRESSIVE;
				GCC_WARN_UNUSED_FUNCTION = YES;
				GCC_WARN_UNUSED_VARIABLE = YES;
				IPHONEOS_DEPLOYMENT_TARGET = 10.2;
				MTL_ENABLE_DEBUG_INFO = NO;
				SDKROOT = iphoneos;
				SWIFT_OPTIMIZATION_LEVEL = "-Owholemodule";
				VALIDATE_PRODUCT = YES;
			};
			name = Release;
		};
		43E31BD61E8383D800C8983C /* Debug */ = {
			isa = XCBuildConfiguration;
			baseConfigurationReference = 883911C28C4BEC0E455738D3 /* Pods-dytv.debug.xcconfig */;
			buildSettings = {
				ASSETCATALOG_COMPILER_APPICON_NAME = AppIcon;
				ASSETCATALOG_COMPILER_LAUNCHIMAGE_NAME = LaunchImage;
				DEVELOPMENT_TEAM = U955FM7S6Y;
				INFOPLIST_FILE = dytv/Info.plist;
				IPHONEOS_DEPLOYMENT_TARGET = 8.0;
				LD_RUNPATH_SEARCH_PATHS = "$(inherited) @executable_path/Frameworks";
				PRODUCT_BUNDLE_IDENTIFIER = "-23.dytv";
				PRODUCT_NAME = "$(TARGET_NAME)";
				SWIFT_VERSION = 3.0;
			};
			name = Debug;
		};
		43E31BD71E8383D800C8983C /* Release */ = {
			isa = XCBuildConfiguration;
			baseConfigurationReference = 29044FA3AAD8AD54CAAE27C7 /* Pods-dytv.release.xcconfig */;
			buildSettings = {
				ASSETCATALOG_COMPILER_APPICON_NAME = AppIcon;
				ASSETCATALOG_COMPILER_LAUNCHIMAGE_NAME = LaunchImage;
				DEVELOPMENT_TEAM = U955FM7S6Y;
				INFOPLIST_FILE = dytv/Info.plist;
				IPHONEOS_DEPLOYMENT_TARGET = 8.0;
				LD_RUNPATH_SEARCH_PATHS = "$(inherited) @executable_path/Frameworks";
				PRODUCT_BUNDLE_IDENTIFIER = "-23.dytv";
				PRODUCT_NAME = "$(TARGET_NAME)";
				SWIFT_VERSION = 3.0;
			};
			name = Release;
		};
		43E31BD91E8383D800C8983C /* Debug */ = {
			isa = XCBuildConfiguration;
			buildSettings = {
				ALWAYS_EMBED_SWIFT_STANDARD_LIBRARIES = YES;
				BUNDLE_LOADER = "$(TEST_HOST)";
				DEVELOPMENT_TEAM = U955FM7S6Y;
				INFOPLIST_FILE = dytvTests/Info.plist;
				IPHONEOS_DEPLOYMENT_TARGET = 10.1;
				LD_RUNPATH_SEARCH_PATHS = "$(inherited) @executable_path/Frameworks @loader_path/Frameworks";
				PRODUCT_BUNDLE_IDENTIFIER = "-23.dytvTests";
				PRODUCT_NAME = "$(TARGET_NAME)";
				SWIFT_VERSION = 3.0;
				TEST_HOST = "$(BUILT_PRODUCTS_DIR)/dytv.app/dytv";
			};
			name = Debug;
		};
		43E31BDA1E8383D800C8983C /* Release */ = {
			isa = XCBuildConfiguration;
			buildSettings = {
				ALWAYS_EMBED_SWIFT_STANDARD_LIBRARIES = YES;
				BUNDLE_LOADER = "$(TEST_HOST)";
				DEVELOPMENT_TEAM = U955FM7S6Y;
				INFOPLIST_FILE = dytvTests/Info.plist;
				IPHONEOS_DEPLOYMENT_TARGET = 10.1;
				LD_RUNPATH_SEARCH_PATHS = "$(inherited) @executable_path/Frameworks @loader_path/Frameworks";
				PRODUCT_BUNDLE_IDENTIFIER = "-23.dytvTests";
				PRODUCT_NAME = "$(TARGET_NAME)";
				SWIFT_VERSION = 3.0;
				TEST_HOST = "$(BUILT_PRODUCTS_DIR)/dytv.app/dytv";
			};
			name = Release;
		};
		43E31BDC1E8383D800C8983C /* Debug */ = {
			isa = XCBuildConfiguration;
			buildSettings = {
				ALWAYS_EMBED_SWIFT_STANDARD_LIBRARIES = YES;
				DEVELOPMENT_TEAM = U955FM7S6Y;
				INFOPLIST_FILE = dytvUITests/Info.plist;
				IPHONEOS_DEPLOYMENT_TARGET = 10.1;
				LD_RUNPATH_SEARCH_PATHS = "$(inherited) @executable_path/Frameworks @loader_path/Frameworks";
				PRODUCT_BUNDLE_IDENTIFIER = "-23.dytvUITests";
				PRODUCT_NAME = "$(TARGET_NAME)";
				SWIFT_VERSION = 3.0;
				TEST_TARGET_NAME = dytv;
			};
			name = Debug;
		};
		43E31BDD1E8383D800C8983C /* Release */ = {
			isa = XCBuildConfiguration;
			buildSettings = {
				ALWAYS_EMBED_SWIFT_STANDARD_LIBRARIES = YES;
				DEVELOPMENT_TEAM = U955FM7S6Y;
				INFOPLIST_FILE = dytvUITests/Info.plist;
				IPHONEOS_DEPLOYMENT_TARGET = 10.1;
				LD_RUNPATH_SEARCH_PATHS = "$(inherited) @executable_path/Frameworks @loader_path/Frameworks";
				PRODUCT_BUNDLE_IDENTIFIER = "-23.dytvUITests";
				PRODUCT_NAME = "$(TARGET_NAME)";
				SWIFT_VERSION = 3.0;
				TEST_TARGET_NAME = dytv;
			};
			name = Release;
		};
/* End XCBuildConfiguration section */

/* Begin XCConfigurationList section */
		43E31BA81E8383D800C8983C /* Build configuration list for PBXProject "dytv" */ = {
			isa = XCConfigurationList;
			buildConfigurations = (
				43E31BD31E8383D800C8983C /* Debug */,
				43E31BD41E8383D800C8983C /* Release */,
			);
			defaultConfigurationIsVisible = 0;
			defaultConfigurationName = Release;
		};
		43E31BD51E8383D800C8983C /* Build configuration list for PBXNativeTarget "dytv" */ = {
			isa = XCConfigurationList;
			buildConfigurations = (
				43E31BD61E8383D800C8983C /* Debug */,
				43E31BD71E8383D800C8983C /* Release */,
			);
			defaultConfigurationIsVisible = 0;
			defaultConfigurationName = Release;
		};
		43E31BD81E8383D800C8983C /* Build configuration list for PBXNativeTarget "dytvTests" */ = {
			isa = XCConfigurationList;
			buildConfigurations = (
				43E31BD91E8383D800C8983C /* Debug */,
				43E31BDA1E8383D800C8983C /* Release */,
			);
			defaultConfigurationIsVisible = 0;
			defaultConfigurationName = Release;
		};
		43E31BDB1E8383D800C8983C /* Build configuration list for PBXNativeTarget "dytvUITests" */ = {
			isa = XCConfigurationList;
			buildConfigurations = (
				43E31BDC1E8383D800C8983C /* Debug */,
				43E31BDD1E8383D800C8983C /* Release */,
			);
			defaultConfigurationIsVisible = 0;
			defaultConfigurationName = Release;
		};
/* End XCConfigurationList section */
	};
	rootObject = 43E31BA51E8383D800C8983C /* Project object */;
}
